// !$*UTF8*$!
{
	archiveVersion = 1;
	classes = {
	};
	objectVersion = 46;
	objects = {

/* Begin PBXBuildFile section */
		8EB0681B1B61278E004E6917 /* AppDelegate.swift in Sources */ = {isa = PBXBuildFile; fileRef = 8EB0681A1B61278E004E6917 /* AppDelegate.swift */; };
		8EB0681D1B61278E004E6917 /* ViewController.swift in Sources */ = {isa = PBXBuildFile; fileRef = 8EB0681C1B61278E004E6917 /* ViewController.swift */; };
		8EB068201B61278E004E6917 /* Main.storyboard in Resources */ = {isa = PBXBuildFile; fileRef = 8EB0681E1B61278E004E6917 /* Main.storyboard */; };
		8EB068221B61278E004E6917 /* Images.xcassets in Resources */ = {isa = PBXBuildFile; fileRef = 8EB068211B61278E004E6917 /* Images.xcassets */; };
		8EB068251B61278E004E6917 /* LaunchScreen.xib in Resources */ = {isa = PBXBuildFile; fileRef = 8EB068231B61278E004E6917 /* LaunchScreen.xib */; };
		8EB068311B61278E004E6917 /* Pitch_PerfectTests.swift in Sources */ = {isa = PBXBuildFile; fileRef = 8EB068301B61278E004E6917 /* Pitch_PerfectTests.swift */; };
/* End PBXBuildFile section */

/* Begin PBXContainerItemProxy section */
		8EB0682B1B61278E004E6917 /* PBXContainerItemProxy */ = {
			isa = PBXContainerItemProxy;
			containerPortal = 8EB0680D1B61278D004E6917 /* Project object */;
			proxyType = 1;
			remoteGlobalIDString = 8EB068141B61278D004E6917;
			remoteInfo = "Pitch Perfect";
		};
/* End PBXContainerItemProxy section */

/* Begin PBXFileReference section */
		8EB068151B61278D004E6917 /* Pitch Perfect.app */ = {isa = PBXFileReference; explicitFileType = wrapper.application; includeInIndex = 0; path = "Pitch Perfect.app"; sourceTree = BUILT_PRODUCTS_DIR; };
		8EB068191B61278E004E6917 /* Info.plist */ = {isa = PBXFileReference; lastKnownFileType = text.plist.xml; path = Info.plist; sourceTree = "<group>"; };
		8EB0681A1B61278E004E6917 /* AppDelegate.swift */ = {isa = PBXFileReference; lastKnownFileType = sourcecode.swift; path = AppDelegate.swift; sourceTree = "<group>"; };
		8EB0681C1B61278E004E6917 /* ViewController.swift */ = {isa = PBXFileReference; lastKnownFileType = sourcecode.swift; path = ViewController.swift; sourceTree = "<group>"; };
		8EB0681F1B61278E004E6917 /* Base */ = {isa = PBXFileReference; lastKnownFileType = file.storyboard; name = Base; path = Base.lproj/Main.storyboard; sourceTree = "<group>"; };
		8EB068211B61278E004E6917 /* Images.xcassets */ = {isa = PBXFileReference; lastKnownFileType = folder.assetcatalog; path = Images.xcassets; sourceTree = "<group>"; };
		8EB068241B61278E004E6917 /* Base */ = {isa = PBXFileReference; lastKnownFileType = file.xib; name = Base; path = Base.lproj/LaunchScreen.xib; sourceTree = "<group>"; };
		8EB0682A1B61278E004E6917 /* Pitch PerfectTests.xctest */ = {isa = PBXFileReference; explicitFileType = wrapper.cfbundle; includeInIndex = 0; path = "Pitch PerfectTests.xctest"; sourceTree = BUILT_PRODUCTS_DIR; };
		8EB0682F1B61278E004E6917 /* Info.plist */ = {isa = PBXFileReference; lastKnownFileType = text.plist.xml; path = Info.plist; sourceTree = "<group>"; };
		8EB068301B61278E004E6917 /* Pitch_PerfectTests.swift */ = {isa = PBXFileReference; lastKnownFileType = sourcecode.swift; path = Pitch_PerfectTests.swift; sourceTree = "<group>"; };
/* End PBXFileReference section */

/* Begin PBXFrameworksBuildPhase section */
		8EB068121B61278D004E6917 /* Frameworks */ = {
			isa = PBXFrameworksBuildPhase;
			buildActionMask = 2147483647;
			files = (
			);
			runOnlyForDeploymentPostprocessing = 0;
		};
		8EB068271B61278E004E6917 /* Frameworks */ = {
			isa = PBXFrameworksBuildPhase;
			buildActionMask = 2147483647;
			files = (
			);
			runOnlyForDeploymentPostprocessing = 0;
		};
/* End PBXFrameworksBuildPhase section */

/* Begin PBXGroup section */
		8EB0680C1B61278D004E6917 = {
			isa = PBXGroup;
			children = (
				8EB068171B61278D004E6917 /* Pitch Perfect */,
				8EB0682D1B61278E004E6917 /* Pitch PerfectTests */,
				8EB068161B61278D004E6917 /* Products */,
			);
			sourceTree = "<group>";
		};
		8EB068161B61278D004E6917 /* Products */ = {
			isa = PBXGroup;
			children = (
				8EB068151B61278D004E6917 /* Pitch Perfect.app */,
				8EB0682A1B61278E004E6917 /* Pitch PerfectTests.xctest */,
			);
			name = Products;
			sourceTree = "<group>";
		};
		8EB068171B61278D004E6917 /* Pitch Perfect */ = {
			isa = PBXGroup;
			children = (
				8EB0681A1B61278E004E6917 /* AppDelegate.swift */,
				8EB0681C1B61278E004E6917 /* ViewController.swift */,
				8EB0681E1B61278E004E6917 /* Main.storyboard */,
				8EB068211B61278E004E6917 /* Images.xcassets */,
				8EB068231B61278E004E6917 /* LaunchScreen.xib */,
				8EB068181B61278E004E6917 /* Supporting Files */,
			);
			path = "Pitch Perfect";
			sourceTree = "<group>";
		};
		8EB068181B61278E004E6917 /* Supporting Files */ = {
			isa = PBXGroup;
			children = (
				8EB068191B61278E004E6917 /* Info.plist */,
			);
			name = "Supporting Files";
			sourceTree = "<group>";
		};
		8EB0682D1B61278E004E6917 /* Pitch PerfectTests */ = {
			isa = PBXGroup;
			children = (
				8EB068301B61278E004E6917 /* Pitch_PerfectTests.swift */,
				8EB0682E1B61278E004E6917 /* Supporting Files */,
			);
			path = "Pitch PerfectTests";
			sourceTree = "<group>";
		};
		8EB0682E1B61278E004E6917 /* Supporting Files */ = {
			isa = PBXGroup;
			children = (
				8EB0682F1B61278E004E6917 /* Info.plist */,
			);
			name = "Supporting Files";
			sourceTree = "<group>";
		};
/* End PBXGroup section */

/* Begin PBXNativeTarget section */
		8EB068141B61278D004E6917 /* Pitch Perfect */ = {
			isa = PBXNativeTarget;
			buildConfigurationList = 8EB068341B61278E004E6917 /* Build configuration list for PBXNativeTarget "Pitch Perfect" */;
			buildPhases = (
				8EB068111B61278D004E6917 /* Sources */,
				8EB068121B61278D004E6917 /* Frameworks */,
				8EB068131B61278D004E6917 /* Resources */,
			);
			buildRules = (
			);
			dependencies = (
			);
			name = "Pitch Perfect";
			productName = "Pitch Perfect";
			productReference = 8EB068151B61278D004E6917 /* Pitch Perfect.app */;
			productType = "com.apple.product-type.application";
		};
		8EB068291B61278E004E6917 /* Pitch PerfectTests */ = {
			isa = PBXNativeTarget;
			buildConfigurationList = 8EB068371B61278E004E6917 /* Build configuration list for PBXNativeTarget "Pitch PerfectTests" */;
			buildPhases = (
				8EB068261B61278E004E6917 /* Sources */,
				8EB068271B61278E004E6917 /* Frameworks */,
				8EB068281B61278E004E6917 /* Resources */,
			);
			buildRules = (
			);
			dependencies = (
				8EB0682C1B61278E004E6917 /* PBXTargetDependency */,
			);
			name = "Pitch PerfectTests";
			productName = "Pitch PerfectTests";
			productReference = 8EB0682A1B61278E004E6917 /* Pitch PerfectTests.xctest */;
			productType = "com.apple.product-type.bundle.unit-test";
		};
/* End PBXNativeTarget section */

/* Begin PBXProject section */
		8EB0680D1B61278D004E6917 /* Project object */ = {
			isa = PBXProject;
			attributes = {
				LastUpgradeCheck = 0640;
				ORGANIZATIONNAME = "Gabriele Gort";
				TargetAttributes = {
					8EB068141B61278D004E6917 = {
						CreatedOnToolsVersion = 6.4;
					};
					8EB068291B61278E004E6917 = {
						CreatedOnToolsVersion = 6.4;
						TestTargetID = 8EB068141B61278D004E6917;
					};
				};
			};
			buildConfigurationList = 8EB068101B61278D004E6917 /* Build configuration list for PBXProject "Pitch Perfect" */;
			compatibilityVersion = "Xcode 3.2";
			developmentRegion = English;
			hasScannedForEncodings = 0;
			knownRegions = (
				en,
				Base,
			);
			mainGroup = 8EB0680C1B61278D004E6917;
			productRefGroup = 8EB068161B61278D004E6917 /* Products */;
			projectDirPath = "";
			projectRoot = "";
			targets = (
				8EB068141B61278D004E6917 /* Pitch Perfect */,
				8EB068291B61278E004E6917 /* Pitch PerfectTests */,
			);
		};
/* End PBXProject section */

/* Begin PBXResourcesBuildPhase section */
		8EB068131B61278D004E6917 /* Resources */ = {
			isa = PBXResourcesBuildPhase;
			buildActionMask = 2147483647;
			files = (
				8EB068201B61278E004E6917 /* Main.storyboard in Resources */,
				8EB068251B61278E004E6917 /* LaunchScreen.xib in Resources */,
				8EB068221B61278E004E6917 /* Images.xcassets in Resources */,
			);
			runOnlyForDeploymentPostprocessing = 0;
		};
		8EB068281B61278E004E6917 /* Resources */ = {
			isa = PBXResourcesBuildPhase;
			buildActionMask = 2147483647;
			files = (
			);
			runOnlyForDeploymentPostprocessing = 0;
		};
/* End PBXResourcesBuildPhase section */

/* Begin PBXSourcesBuildPhase section */
		8EB068111B61278D004E6917 /* Sources */ = {
			isa = PBXSourcesBuildPhase;
			buildActionMask = 2147483647;
			files = (
				8EB0681D1B61278E004E6917 /* ViewController.swift in Sources */,
				8EB0681B1B61278E004E6917 /* AppDelegate.swift in Sources */,
			);
			runOnlyForDeploymentPostprocessing = 0;
		};
		8EB068261B61278E004E6917 /* Sources */ = {
			isa = PBXSourcesBuildPhase;
			buildActionMask = 2147483647;
			files = (
				8EB068311B61278E004E6917 /* Pitch_PerfectTests.swift in Sources */,
			);
			runOnlyForDeploymentPostprocessing = 0;
		};
/* End PBXSourcesBuildPhase section */

/* Begin PBXTargetDependency section */
		8EB0682C1B61278E004E6917 /* PBXTargetDependency */ = {
			isa = PBXTargetDependency;
			target = 8EB068141B61278D004E6917 /* Pitch Perfect */;
			targetProxy = 8EB0682B1B61278E004E6917 /* PBXContainerItemProxy */;
		};
/* End PBXTargetDependency section */

/* Begin PBXVariantGroup section */
		8EB0681E1B61278E004E6917 /* Main.storyboard */ = {
			isa = PBXVariantGroup;
			children = (
				8EB0681F1B61278E004E6917 /* Base */,
			);
			name = Main.storyboard;
			sourceTree = "<group>";
		};
		8EB068231B61278E004E6917 /* LaunchScreen.xib */ = {
			isa = PBXVariantGroup;
			children = (
				8EB068241B61278E004E6917 /* Base */,
			);
			name = LaunchScreen.xib;
			sourceTree = "<group>";
		};
/* End PBXVariantGroup section */

/* Begin XCBuildConfiguration section */
		8EB068321B61278E004E6917 /* Debug */ = {
			isa = XCBuildConfiguration;
			buildSettings = {
				ALWAYS_SEARCH_USER_PATHS = NO;
				CLANG_CXX_LANGUAGE_STANDARD = "gnu++0x";
				CLANG_CXX_LIBRARY = "libc++";
				CLANG_ENABLE_MODULES = YES;
				CLANG_ENABLE_OBJC_ARC = YES;
				CLANG_WARN_BOOL_CONVERSION = YES;
				CLANG_WARN_CONSTANT_CONVERSION = YES;
				CLANG_WARN_DIRECT_OBJC_ISA_USAGE = YES_ERROR;
				CLANG_WARN_EMPTY_BODY = YES;
				CLANG_WARN_ENUM_CONVERSION = YES;
				CLANG_WARN_INT_CONVERSION = YES;
				CLANG_WARN_OBJC_ROOT_CLASS = YES_ERROR;
				CLANG_WARN_UNREACHABLE_CODE = YES;
				CLANG_WARN__DUPLICATE_METHOD_MATCH = YES;
				"CODE_SIGN_IDENTITY[sdk=iphoneos*]" = "iPhone Developer";
				COPY_PHASE_STRIP = NO;
				DEBUG_INFORMATION_FORMAT = "dwarf-with-dsym";
				ENABLE_STRICT_OBJC_MSGSEND = YES;
				GCC_C_LANGUAGE_STANDARD = gnu99;
				GCC_DYNAMIC_NO_PIC = NO;
				GCC_NO_COMMON_BLOCKS = YES;
				GCC_OPTIMIZATION_LEVEL = 0;
				GCC_PREPROCESSOR_DEFINITIONS = (
					"DEBUG=1",
					"$(inherited)",
				);
				GCC_SYMBOLS_PRIVATE_EXTERN = NO;
				GCC_WARN_64_TO_32_BIT_CONVERSION = YES;
				GCC_WARN_ABOUT_RETURN_TYPE = YES_ERROR;
				GCC_WARN_UNDECLARED_SELECTOR = YES;
				GCC_WARN_UNINITIALIZED_AUTOS = YES_AGGRESSIVE;
				GCC_WARN_UNUSED_FUNCTION = YES;
				GCC_WARN_UNUSED_VARIABLE = YES;
				IPHONEOS_DEPLOYMENT_TARGET = 8.4;
				MTL_ENABLE_DEBUG_INFO = YES;
				ONLY_ACTIVE_ARCH = YES;
				SDKROOT = iphoneos;
				SWIFT_OPTIMIZATION_LEVEL = "-Onone";
			};
			name = Debug;
		};
		8EB068331B61278E004E6917 /* Release */ = {
			isa = XCBuildConfiguration;
			buildSettings = {
				ALWAYS_SEARCH_USER_PATHS = NO;
				CLANG_CXX_LANGUAGE_STANDARD = "gnu++0x";
				CLANG_CXX_LIBRARY = "libc++";
				CLANG_ENABLE_MODULES = YES;
				CLANG_ENABLE_OBJC_ARC = YES;
				CLANG_WARN_BOOL_CONVERSION = YES;
				CLANG_WARN_CONSTANT_CONVERSION = YES;
				CLANG_WARN_DIRECT_OBJC_ISA_USAGE = YES_ERROR;
				CLANG_WARN_EMPTY_BODY = YES;
				CLANG_WARN_ENUM_CONVERSION = YES;
				CLANG_WARN_INT_CONVERSION = YES;
				CLANG_WARN_OBJC_ROOT_CLASS = YES_ERROR;
				CLANG_WARN_UNREACHABLE_CODE = YES;
				CLANG_WARN__DUPLICATE_METHOD_MATCH = YES;
				"CODE_SIGN_IDENTITY[sdk=iphoneos*]" = "iPhone Developer";
				COPY_PHASE_STRIP = NO;
				DEBUG_INFORMATION_FORMAT = "dwarf-with-dsym";
				ENABLE_NS_ASSERTIONS = NO;
				ENABLE_STRICT_OBJC_MSGSEND = YES;
				GCC_C_LANGUAGE_STANDARD = gnu99;
				GCC_NO_COMMON_BLOCKS = YES;
				GCC_WARN_64_TO_32_BIT_CONVERSION = YES;
				GCC_WARN_ABOUT_RETURN_TYPE = YES_ERROR;
				GCC_WARN_UNDECLARED_SELECTOR = YES;
				GCC_WARN_UNINITIALIZED_AUTOS = YES_AGGRESSIVE;
				GCC_WARN_UNUSED_FUNCTION = YES;
				GCC_WARN_UNUSED_VARIABLE = YES;
				IPHONEOS_DEPLOYMENT_TARGET = 8.4;
				MTL_ENABLE_DEBUG_INFO = NO;
				SDKROOT = iphoneos;
				VALIDATE_PRODUCT = YES;
			};
			name = Release;
		};
		8EB068351B61278E004E6917 /* Debug */ = {
			isa = XCBuildConfiguration;
			buildSettings = {
				ASSETCATALOG_COMPILER_APPICON_NAME = AppIcon;
				INFOPLIST_FILE = "Pitch Perfect/Info.plist";
				LD_RUNPATH_SEARCH_PATHS = "$(inherited) @executable_path/Frameworks";
				PRODUCT_NAME = "$(TARGET_NAME)";
			};
			name = Debug;
		};
		8EB068361B61278E004E6917 /* Release */ = {
			isa = XCBuildConfiguration;
			buildSettings = {
				ASSETCATALOG_COMPILER_APPICON_NAME = AppIcon;
				INFOPLIST_FILE = "Pitch Perfect/Info.plist";
				LD_RUNPATH_SEARCH_PATHS = "$(inherited) @executable_path/Frameworks";
				PRODUCT_NAME = "$(TARGET_NAME)";
			};
			name = Release;
		};
		8EB068381B61278E004E6917 /* Debug */ = {
			isa = XCBuildConfiguration;
			buildSettings = {
				BUNDLE_LOADER = "$(TEST_HOST)";
				FRAMEWORK_SEARCH_PATHS = (
					"$(SDKROOT)/Developer/Library/Frameworks",
					"$(inherited)",
				);
				GCC_PREPROCESSOR_DEFINITIONS = (
					"DEBUG=1",
					"$(inherited)",
				);
				INFOPLIST_FILE = "Pitch PerfectTests/Info.plist";
				LD_RUNPATH_SEARCH_PATHS = "$(inherited) @executable_path/Frameworks @loader_path/Frameworks";
				PRODUCT_NAME = "$(TARGET_NAME)";
				TEST_HOST = "$(BUILT_PRODUCTS_DIR)/Pitch Perfect.app/Pitch Perfect";
			};
			name = Debug;
		};
		8EB068391B61278E004E6917 /* Release */ = {
			isa = XCBuildConfiguration;
			buildSettings = {
				BUNDLE_LOADER = "$(TEST_HOST)";
				FRAMEWORK_SEARCH_PATHS = (
					"$(SDKROOT)/Developer/Library/Frameworks",
					"$(inherited)",
				);
				INFOPLIST_FILE = "Pitch PerfectTests/Info.plist";
				LD_RUNPATH_SEARCH_PATHS = "$(inherited) @executable_path/Frameworks @loader_path/Frameworks";
				PRODUCT_NAME = "$(TARGET_NAME)";
				TEST_HOST = "$(BUILT_PRODUCTS_DIR)/Pitch Perfect.app/Pitch Perfect";
			};
			name = Release;
		};
/* End XCBuildConfiguration section */

/* Begin XCConfigurationList section */
		8EB068101B61278D004E6917 /* Build configuration list for PBXProject "Pitch Perfect" */ = {
			isa = XCConfigurationList;
			buildConfigurations = (
				8EB068321B61278E004E6917 /* Debug */,
				8EB068331B61278E004E6917 /* Release */,
			);
			defaultConfigurationIsVisible = 0;
			defaultConfigurationName = Release;
		};
		8EB068341B61278E004E6917 /* Build configuration list for PBXNativeTarget "Pitch Perfect" */ = {
			isa = XCConfigurationList;
			buildConfigurations = (
				8EB068351B61278E004E6917 /* Debug */,
				8EB068361B61278E004E6917 /* Release */,
			);
			defaultConfigurationIsVisible = 0;
		};
		8EB068371B61278E004E6917 /* Build configuration list for PBXNativeTarget "Pitch PerfectTests" */ = {
			isa = XCConfigurationList;
			buildConfigurations = (
				8EB068381B61278E004E6917 /* Debug */,
				8EB068391B61278E004E6917 /* Release */,
			);
			defaultConfigurationIsVisible = 0;
		};
/* End XCConfigurationList section */
	};
	rootObject = 8EB0680D1B61278D004E6917 /* Project object */;
}
